hash: 750057262acf4d5451a308dbf7d81f4b359dec98e6993fdd502e0ae5097daf47
updated: 2018-07-17T11:12:57.499503453Z
imports:
- name: github.com/golang/glog
  version: 23def4e6c14b4da8ac2ed8007337bc5eb5007998
- name: github.com/src-d/go-git
  version: 3bd5e82b2512d85becae9677fa06b5a973fd4cfb
- name: k8s.io/api
  version: 183f3326a9353bd6d41430fc80f96259331d029c
  subpackages:
  - core/v1
- name: k8s.io/apimachinery
  version: d19e3354dd8cc16b92ff36926371c41f30b1025e
  subpackages:
  - pkg/apis/meta/v1
  - pkg/runtime
  - pkg/runtime/schema
- name: k8s.io/client-go
  version: 7d04d0e2a0a1a4d4a1cd6baa432a2301492e4e65
  subpackages:
  - tools/clientcmd
- name: k8s.io/code-generator
  version: 7b3961072db196a1068e97f76c74ca6bc6b65350
testImports: []
